
Microsoft Visual Studio Solution File, Format Version 12.00
# Visual Studio 2013
VisualStudioVersion = 12.0.31101.0
MinimumVisualStudioVersion = 10.0.40219.1
Project("{FAE04EC0-301F-11D3-BF4B-00C04F79EFBC}") = "XAdo", "XAdo\XAdo.csproj", "{DE35B1AF-D6A1-4324-840A-11854787DED4}"
EndProject
Project("{FAE04EC0-301F-11D3-BF4B-00C04F79EFBC}") = "XAdo.SqlObjects", "XAdo.SqlObjects\XAdo.SqlObjects.csproj", "{B1D11F2B-BEC5-426D-9705-EE9AF4CDC3F5}"
EndProject
Project("{2150E333-8FDC-42A3-9474-1A3956D46DE8}") = "NuGet", "NuGet", "{3B81CF51-9FBF-40D1-940D-61DF316C8254}"
	ProjectSection(SolutionItems) = preProject
		NuGet\nuget.build.ps1 = NuGet\nuget.build.ps1
		NuGet\XAdo.nuspec = NuGet\XAdo.nuspec
		NuGet\XAdo.SqlObjects.nuspec = NuGet\XAdo.SqlObjects.nuspec
	EndProjectSection
EndProject
Project("{2150E333-8FDC-42A3-9474-1A3956D46DE8}") = "UnitTest", "UnitTest", "{95FEDA17-B37D-4FE4-88A7-0A8E29001AEC}"
EndProject
Project("{FAE04EC0-301F-11D3-BF4B-00C04F79EFBC}") = "XAdo.UnitTest", "XAdo.UnitTest\XAdo.UnitTest.csproj", "{88B3F56A-9B70-41EA-A949-D2CC9703814B}"
EndProject
Project("{FAE04EC0-301F-11D3-BF4B-00C04F79EFBC}") = "Sql.Parser", "Sql.Parser\Sql.Parser.csproj", "{56C8F188-11E5-4B8E-965D-750E45C2A7DB}"
EndProject
Global
	GlobalSection(SolutionConfigurationPlatforms) = preSolution
		Debug|Any CPU = Debug|Any CPU
		Release|Any CPU = Release|Any CPU
	EndGlobalSection
	GlobalSection(ProjectConfigurationPlatforms) = postSolution
		{DE35B1AF-D6A1-4324-840A-11854787DED4}.Debug|Any CPU.ActiveCfg = Debug|Any CPU
		{DE35B1AF-D6A1-4324-840A-11854787DED4}.Debug|Any CPU.Build.0 = Debug|Any CPU
		{DE35B1AF-D6A1-4324-840A-11854787DED4}.Release|Any CPU.ActiveCfg = Release|Any CPU
		{DE35B1AF-D6A1-4324-840A-11854787DED4}.Release|Any CPU.Build.0 = Release|Any CPU
		{B1D11F2B-BEC5-426D-9705-EE9AF4CDC3F5}.Debug|Any CPU.ActiveCfg = Debug|Any CPU
		{B1D11F2B-BEC5-426D-9705-EE9AF4CDC3F5}.Debug|Any CPU.Build.0 = Debug|Any CPU
		{B1D11F2B-BEC5-426D-9705-EE9AF4CDC3F5}.Release|Any CPU.ActiveCfg = Release|Any CPU
		{B1D11F2B-BEC5-426D-9705-EE9AF4CDC3F5}.Release|Any CPU.Build.0 = Release|Any CPU
		{88B3F56A-9B70-41EA-A949-D2CC9703814B}.Debug|Any CPU.ActiveCfg = Debug|Any CPU
		{88B3F56A-9B70-41EA-A949-D2CC9703814B}.Debug|Any CPU.Build.0 = Debug|Any CPU
		{88B3F56A-9B70-41EA-A949-D2CC9703814B}.Release|Any CPU.ActiveCfg = Release|Any CPU
		{88B3F56A-9B70-41EA-A949-D2CC9703814B}.Release|Any CPU.Build.0 = Release|Any CPU
		{56C8F188-11E5-4B8E-965D-750E45C2A7DB}.Debug|Any CPU.ActiveCfg = Debug|Any CPU
		{56C8F188-11E5-4B8E-965D-750E45C2A7DB}.Debug|Any CPU.Build.0 = Debug|Any CPU
		{56C8F188-11E5-4B8E-965D-750E45C2A7DB}.Release|Any CPU.ActiveCfg = Release|Any CPU
		{56C8F188-11E5-4B8E-965D-750E45C2A7DB}.Release|Any CPU.Build.0 = Release|Any CPU
	EndGlobalSection
	GlobalSection(SolutionProperties) = preSolution
		HideSolutionNode = FALSE
	EndGlobalSection
	GlobalSection(NestedProjects) = preSolution
		{88B3F56A-9B70-41EA-A949-D2CC9703814B} = {95FEDA17-B37D-4FE4-88A7-0A8E29001AEC}
	EndGlobalSection
EndGlobal
