
Microsoft Visual Studio Solution File, Format Version 12.00
# Visual Studio 2013
VisualStudioVersion = 12.0.31101.0
MinimumVisualStudioVersion = 10.0.40219.1
Project("{FAE04EC0-301F-11D3-BF4B-00C04F79EFBC}") = "XAdo", "XAdo\XAdo.csproj", "{DE35B1AF-D6A1-4324-840A-11854787DED4}"
EndProject
Project("{2150E333-8FDC-42A3-9474-1A3956D46DE8}") = "Solution Items", "Solution Items", "{BC365144-9465-495B-8B47-62903E8CD061}"
	ProjectSection(SolutionItems) = preProject
		license.txt = license.txt
		README.md = README.md
	EndProjectSection
EndProject
Project("{FAE04EC0-301F-11D3-BF4B-00C04F79EFBC}") = "XAdo.UnitTest", "XAdo.UnitTest\XAdo.UnitTest.csproj", "{168FF4D8-5659-4F82-AA86-6589D3F61F67}"
EndProject
Project("{FAE04EC0-301F-11D3-BF4B-00C04F79EFBC}") = "XAdo.Examples", "XAdo.Examples\XAdo.Examples.csproj", "{3760B9FD-86A3-4859-8816-B2FA3503D03B}"
EndProject
Project("{2150E333-8FDC-42A3-9474-1A3956D46DE8}") = "UnitTests", "UnitTests", "{28DDA71C-EF71-4F34-A92E-0A799F787149}"
EndProject
Project("{FAE04EC0-301F-11D3-BF4B-00C04F79EFBC}") = "XAdo.Quobs", "XAdo.Quobs\XAdo.Quobs.csproj", "{B1D11F2B-BEC5-426D-9705-EE9AF4CDC3F5}"
EndProject
Project("{FAE04EC0-301F-11D3-BF4B-00C04F79EFBC}") = "XAdo.T4", "XAdo.T4\XAdo.T4.csproj", "{42A9A97F-6A9D-42EA-8A9F-F1F6F088CF64}"
EndProject
Project("{FAE04EC0-301F-11D3-BF4B-00C04F79EFBC}") = "XAdo.Quobs.UnitTests", "XAdo.Quobs.UnitTests\XAdo.Quobs.UnitTests.csproj", "{34315C46-84EF-49DE-8903-A6E173EF17C3}"
EndProject
Project("{FAE04EC0-301F-11D3-BF4B-00C04F79EFBC}") = "XAdo.EF", "XAdo.EF\XAdo.EF.csproj", "{F16EA1D1-8AB0-4D04-B43B-F7F02C074182}"
EndProject
Global
	GlobalSection(SolutionConfigurationPlatforms) = preSolution
		Debug|Any CPU = Debug|Any CPU
		Release|Any CPU = Release|Any CPU
	EndGlobalSection
	GlobalSection(ProjectConfigurationPlatforms) = postSolution
		{DE35B1AF-D6A1-4324-840A-11854787DED4}.Debug|Any CPU.ActiveCfg = Debug|Any CPU
		{DE35B1AF-D6A1-4324-840A-11854787DED4}.Debug|Any CPU.Build.0 = Debug|Any CPU
		{DE35B1AF-D6A1-4324-840A-11854787DED4}.Release|Any CPU.ActiveCfg = Release|Any CPU
		{DE35B1AF-D6A1-4324-840A-11854787DED4}.Release|Any CPU.Build.0 = Release|Any CPU
		{168FF4D8-5659-4F82-AA86-6589D3F61F67}.Debug|Any CPU.ActiveCfg = Debug|Any CPU
		{168FF4D8-5659-4F82-AA86-6589D3F61F67}.Debug|Any CPU.Build.0 = Debug|Any CPU
		{168FF4D8-5659-4F82-AA86-6589D3F61F67}.Release|Any CPU.ActiveCfg = Release|Any CPU
		{168FF4D8-5659-4F82-AA86-6589D3F61F67}.Release|Any CPU.Build.0 = Release|Any CPU
		{3760B9FD-86A3-4859-8816-B2FA3503D03B}.Debug|Any CPU.ActiveCfg = Debug|Any CPU
		{3760B9FD-86A3-4859-8816-B2FA3503D03B}.Debug|Any CPU.Build.0 = Debug|Any CPU
		{3760B9FD-86A3-4859-8816-B2FA3503D03B}.Release|Any CPU.ActiveCfg = Release|Any CPU
		{3760B9FD-86A3-4859-8816-B2FA3503D03B}.Release|Any CPU.Build.0 = Release|Any CPU
		{B1D11F2B-BEC5-426D-9705-EE9AF4CDC3F5}.Debug|Any CPU.ActiveCfg = Debug|Any CPU
		{B1D11F2B-BEC5-426D-9705-EE9AF4CDC3F5}.Debug|Any CPU.Build.0 = Debug|Any CPU
		{B1D11F2B-BEC5-426D-9705-EE9AF4CDC3F5}.Release|Any CPU.ActiveCfg = Release|Any CPU
		{B1D11F2B-BEC5-426D-9705-EE9AF4CDC3F5}.Release|Any CPU.Build.0 = Release|Any CPU
		{42A9A97F-6A9D-42EA-8A9F-F1F6F088CF64}.Debug|Any CPU.ActiveCfg = Debug|Any CPU
		{42A9A97F-6A9D-42EA-8A9F-F1F6F088CF64}.Debug|Any CPU.Build.0 = Debug|Any CPU
		{42A9A97F-6A9D-42EA-8A9F-F1F6F088CF64}.Release|Any CPU.ActiveCfg = Release|Any CPU
		{42A9A97F-6A9D-42EA-8A9F-F1F6F088CF64}.Release|Any CPU.Build.0 = Release|Any CPU
		{34315C46-84EF-49DE-8903-A6E173EF17C3}.Debug|Any CPU.ActiveCfg = Debug|Any CPU
		{34315C46-84EF-49DE-8903-A6E173EF17C3}.Debug|Any CPU.Build.0 = Debug|Any CPU
		{34315C46-84EF-49DE-8903-A6E173EF17C3}.Release|Any CPU.ActiveCfg = Release|Any CPU
		{34315C46-84EF-49DE-8903-A6E173EF17C3}.Release|Any CPU.Build.0 = Release|Any CPU
		{F16EA1D1-8AB0-4D04-B43B-F7F02C074182}.Debug|Any CPU.ActiveCfg = Debug|Any CPU
		{F16EA1D1-8AB0-4D04-B43B-F7F02C074182}.Debug|Any CPU.Build.0 = Debug|Any CPU
		{F16EA1D1-8AB0-4D04-B43B-F7F02C074182}.Release|Any CPU.ActiveCfg = Release|Any CPU
		{F16EA1D1-8AB0-4D04-B43B-F7F02C074182}.Release|Any CPU.Build.0 = Release|Any CPU
	EndGlobalSection
	GlobalSection(SolutionProperties) = preSolution
		HideSolutionNode = FALSE
	EndGlobalSection
	GlobalSection(NestedProjects) = preSolution
		{168FF4D8-5659-4F82-AA86-6589D3F61F67} = {28DDA71C-EF71-4F34-A92E-0A799F787149}
		{3760B9FD-86A3-4859-8816-B2FA3503D03B} = {28DDA71C-EF71-4F34-A92E-0A799F787149}
		{34315C46-84EF-49DE-8903-A6E173EF17C3} = {28DDA71C-EF71-4F34-A92E-0A799F787149}
	EndGlobalSection
EndGlobal
